// !$*UTF8*$!
{
	archiveVersion = 1;
	classes = {
	};
	objectVersion = 48;
	objects = {

/* Begin PBXBuildFile section */
		DAE34B071F780BAC00DC0D09 /* AppDelegate.swift in Sources */ = {isa = PBXBuildFile; fileRef = DAE34B061F780BAC00DC0D09 /* AppDelegate.swift */; };
		DAE34B091F780BAC00DC0D09 /* ViewController.swift in Sources */ = {isa = PBXBuildFile; fileRef = DAE34B081F780BAC00DC0D09 /* ViewController.swift */; };
		DAE34B0C1F780BAC00DC0D09 /* Main.storyboard in Resources */ = {isa = PBXBuildFile; fileRef = DAE34B0A1F780BAC00DC0D09 /* Main.storyboard */; };
		DAE34B0E1F780BAC00DC0D09 /* Assets.xcassets in Resources */ = {isa = PBXBuildFile; fileRef = DAE34B0D1F780BAC00DC0D09 /* Assets.xcassets */; };
		DAE34B111F780BAC00DC0D09 /* LaunchScreen.storyboard in Resources */ = {isa = PBXBuildFile; fileRef = DAE34B0F1F780BAC00DC0D09 /* LaunchScreen.storyboard */; };
		DAE34B1C1F780BAC00DC0D09 /* AwesomeSwiftTests.swift in Sources */ = {isa = PBXBuildFile; fileRef = DAE34B1B1F780BAC00DC0D09 /* AwesomeSwiftTests.swift */; };
		DAE34B2C1F78137F00DC0D09 /* SwiftFanBoy.swift in Sources */ = {isa = PBXBuildFile; fileRef = DAE34B2B1F78137F00DC0D09 /* SwiftFanBoy.swift */; };
		DAE34B2E1F78149A00DC0D09 /* BadGuy.swift in Sources */ = {isa = PBXBuildFile; fileRef = DAE34B2D1F78149A00DC0D09 /* BadGuy.swift */; };
/* End PBXBuildFile section */

/* Begin PBXContainerItemProxy section */
		DAE34B181F780BAC00DC0D09 /* PBXContainerItemProxy */ = {
			isa = PBXContainerItemProxy;
			containerPortal = DAE34AFB1F780BAC00DC0D09 /* Project object */;
			proxyType = 1;
			remoteGlobalIDString = DAE34B021F780BAC00DC0D09;
			remoteInfo = AwesomeSwift;
		};
/* End PBXContainerItemProxy section */

/* Begin PBXFileReference section */
		DAE34B031F780BAC00DC0D09 /* AwesomeSwift.app */ = {isa = PBXFileReference; explicitFileType = wrapper.application; includeInIndex = 0; path = AwesomeSwift.app; sourceTree = BUILT_PRODUCTS_DIR; };
		DAE34B061F780BAC00DC0D09 /* AppDelegate.swift */ = {isa = PBXFileReference; lastKnownFileType = sourcecode.swift; path = AppDelegate.swift; sourceTree = "<group>"; };
		DAE34B081F780BAC00DC0D09 /* ViewController.swift */ = {isa = PBXFileReference; lastKnownFileType = sourcecode.swift; path = ViewController.swift; sourceTree = "<group>"; };
		DAE34B0B1F780BAC00DC0D09 /* Base */ = {isa = PBXFileReference; lastKnownFileType = file.storyboard; name = Base; path = Base.lproj/Main.storyboard; sourceTree = "<group>"; };
		DAE34B0D1F780BAC00DC0D09 /* Assets.xcassets */ = {isa = PBXFileReference; lastKnownFileType = folder.assetcatalog; path = Assets.xcassets; sourceTree = "<group>"; };
		DAE34B101F780BAC00DC0D09 /* Base */ = {isa = PBXFileReference; lastKnownFileType = file.storyboard; name = Base; path = Base.lproj/LaunchScreen.storyboard; sourceTree = "<group>"; };
		DAE34B121F780BAC00DC0D09 /* Info.plist */ = {isa = PBXFileReference; lastKnownFileType = text.plist.xml; path = Info.plist; sourceTree = "<group>"; };
		DAE34B171F780BAC00DC0D09 /* AwesomeSwiftTests.xctest */ = {isa = PBXFileReference; explicitFileType = wrapper.cfbundle; includeInIndex = 0; path = AwesomeSwiftTests.xctest; sourceTree = BUILT_PRODUCTS_DIR; };
		DAE34B1B1F780BAC00DC0D09 /* AwesomeSwiftTests.swift */ = {isa = PBXFileReference; lastKnownFileType = sourcecode.swift; path = AwesomeSwiftTests.swift; sourceTree = "<group>"; };
		DAE34B1D1F780BAC00DC0D09 /* Info.plist */ = {isa = PBXFileReference; lastKnownFileType = text.plist.xml; path = Info.plist; sourceTree = "<group>"; };
		DAE34B2B1F78137F00DC0D09 /* SwiftFanBoy.swift */ = {isa = PBXFileReference; lastKnownFileType = sourcecode.swift; path = SwiftFanBoy.swift; sourceTree = "<group>"; };
		DAE34B2D1F78149A00DC0D09 /* BadGuy.swift */ = {isa = PBXFileReference; lastKnownFileType = sourcecode.swift; path = BadGuy.swift; sourceTree = "<group>"; };
/* End PBXFileReference section */

/* Begin PBXFrameworksBuildPhase section */
		DAE34B001F780BAC00DC0D09 /* Frameworks */ = {
			isa = PBXFrameworksBuildPhase;
			buildActionMask = 2147483647;
			files = (
			);
			runOnlyForDeploymentPostprocessing = 0;
		};
		DAE34B141F780BAC00DC0D09 /* Frameworks */ = {
			isa = PBXFrameworksBuildPhase;
			buildActionMask = 2147483647;
			files = (
			);
			runOnlyForDeploymentPostprocessing = 0;
		};
/* End PBXFrameworksBuildPhase section */

/* Begin PBXGroup section */
		DAE34AFA1F780BAC00DC0D09 = {
			isa = PBXGroup;
			children = (
				DAE34B051F780BAC00DC0D09 /* AwesomeSwift */,
				DAE34B1A1F780BAC00DC0D09 /* AwesomeSwiftTests */,
				DAE34B041F780BAC00DC0D09 /* Products */,
			);
			sourceTree = "<group>";
		};
		DAE34B041F780BAC00DC0D09 /* Products */ = {
			isa = PBXGroup;
			children = (
				DAE34B031F780BAC00DC0D09 /* AwesomeSwift.app */,
				DAE34B171F780BAC00DC0D09 /* AwesomeSwiftTests.xctest */,
			);
			name = Products;
			sourceTree = "<group>";
		};
		DAE34B051F780BAC00DC0D09 /* AwesomeSwift */ = {
			isa = PBXGroup;
			children = (
				DAE34B061F780BAC00DC0D09 /* AppDelegate.swift */,
				DAE34B081F780BAC00DC0D09 /* ViewController.swift */,
				DAE34B0A1F780BAC00DC0D09 /* Main.storyboard */,
				DAE34B0D1F780BAC00DC0D09 /* Assets.xcassets */,
				DAE34B0F1F780BAC00DC0D09 /* LaunchScreen.storyboard */,
				DAE34B121F780BAC00DC0D09 /* Info.plist */,
				DAE34B2B1F78137F00DC0D09 /* SwiftFanBoy.swift */,
				DAE34B2D1F78149A00DC0D09 /* BadGuy.swift */,
			);
			path = AwesomeSwift;
			sourceTree = "<group>";
		};
		DAE34B1A1F780BAC00DC0D09 /* AwesomeSwiftTests */ = {
			isa = PBXGroup;
			children = (
				DAE34B1B1F780BAC00DC0D09 /* AwesomeSwiftTests.swift */,
				DAE34B1D1F780BAC00DC0D09 /* Info.plist */,
			);
			path = AwesomeSwiftTests;
			sourceTree = "<group>";
		};
/* End PBXGroup section */

/* Begin PBXNativeTarget section */
		DAE34B021F780BAC00DC0D09 /* AwesomeSwift */ = {
			isa = PBXNativeTarget;
			buildConfigurationList = DAE34B201F780BAC00DC0D09 /* Build configuration list for PBXNativeTarget "AwesomeSwift" */;
			buildPhases = (
				DAE34AFF1F780BAC00DC0D09 /* Sources */,
				DAE34B001F780BAC00DC0D09 /* Frameworks */,
				DAE34B011F780BAC00DC0D09 /* Resources */,
			);
			buildRules = (
			);
			dependencies = (
			);
			name = AwesomeSwift;
			productName = AwesomeSwift;
			productReference = DAE34B031F780BAC00DC0D09 /* AwesomeSwift.app */;
			productType = "com.apple.product-type.application";
		};
		DAE34B161F780BAC00DC0D09 /* AwesomeSwiftTests */ = {
			isa = PBXNativeTarget;
			buildConfigurationList = DAE34B231F780BAC00DC0D09 /* Build configuration list for PBXNativeTarget "AwesomeSwiftTests" */;
			buildPhases = (
				DAE34B131F780BAC00DC0D09 /* Sources */,
				DAE34B141F780BAC00DC0D09 /* Frameworks */,
				DAE34B151F780BAC00DC0D09 /* Resources */,
			);
			buildRules = (
			);
			dependencies = (
				DAE34B191F780BAC00DC0D09 /* PBXTargetDependency */,
			);
			name = AwesomeSwiftTests;
			productName = AwesomeSwiftTests;
			productReference = DAE34B171F780BAC00DC0D09 /* AwesomeSwiftTests.xctest */;
			productType = "com.apple.product-type.bundle.unit-test";
		};
/* End PBXNativeTarget section */

/* Begin PBXProject section */
		DAE34AFB1F780BAC00DC0D09 /* Project object */ = {
			isa = PBXProject;
			attributes = {
				LastSwiftUpdateCheck = 0900;
				LastUpgradeCheck = 0900;
				ORGANIZATIONNAME = "Dmytro Kovryhin";
				TargetAttributes = {
					DAE34B021F780BAC00DC0D09 = {
						CreatedOnToolsVersion = 9.0;
						ProvisioningStyle = Automatic;
					};
					DAE34B161F780BAC00DC0D09 = {
						CreatedOnToolsVersion = 9.0;
						ProvisioningStyle = Automatic;
						TestTargetID = DAE34B021F780BAC00DC0D09;
					};
				};
			};
			buildConfigurationList = DAE34AFE1F780BAC00DC0D09 /* Build configuration list for PBXProject "AwesomeSwift" */;
			compatibilityVersion = "Xcode 8.0";
			developmentRegion = en;
			hasScannedForEncodings = 0;
			knownRegions = (
				en,
				Base,
			);
			mainGroup = DAE34AFA1F780BAC00DC0D09;
			productRefGroup = DAE34B041F780BAC00DC0D09 /* Products */;
			projectDirPath = "";
			projectRoot = "";
			targets = (
				DAE34B021F780BAC00DC0D09 /* AwesomeSwift */,
				DAE34B161F780BAC00DC0D09 /* AwesomeSwiftTests */,
			);
		};
/* End PBXProject section */

/* Begin PBXResourcesBuildPhase section */
		DAE34B011F780BAC00DC0D09 /* Resources */ = {
			isa = PBXResourcesBuildPhase;
			buildActionMask = 2147483647;
			files = (
				DAE34B111F780BAC00DC0D09 /* LaunchScreen.storyboard in Resources */,
				DAE34B0E1F780BAC00DC0D09 /* Assets.xcassets in Resources */,
				DAE34B0C1F780BAC00DC0D09 /* Main.storyboard in Resources */,
			);
			runOnlyForDeploymentPostprocessing = 0;
		};
		DAE34B151F780BAC00DC0D09 /* Resources */ = {
			isa = PBXResourcesBuildPhase;
			buildActionMask = 2147483647;
			files = (
			);
			runOnlyForDeploymentPostprocessing = 0;
		};
/* End PBXResourcesBuildPhase section */

/* Begin PBXSourcesBuildPhase section */
		DAE34AFF1F780BAC00DC0D09 /* Sources */ = {
			isa = PBXSourcesBuildPhase;
			buildActionMask = 2147483647;
			files = (
				DAE34B091F780BAC00DC0D09 /* ViewController.swift in Sources */,
				DAE34B2C1F78137F00DC0D09 /* SwiftFanBoy.swift in Sources */,
				DAE34B071F780BAC00DC0D09 /* AppDelegate.swift in Sources */,
				DAE34B2E1F78149A00DC0D09 /* BadGuy.swift in Sources */,
			);
			runOnlyForDeploymentPostprocessing = 0;
		};
		DAE34B131F780BAC00DC0D09 /* Sources */ = {
			isa = PBXSourcesBuildPhase;
			buildActionMask = 2147483647;
			files = (
				DAE34B1C1F780BAC00DC0D09 /* AwesomeSwiftTests.swift in Sources */,
			);
			runOnlyForDeploymentPostprocessing = 0;
		};
/* End PBXSourcesBuildPhase section */

/* Begin PBXTargetDependency section */
		DAE34B191F780BAC00DC0D09 /* PBXTargetDependency */ = {
			isa = PBXTargetDependency;
			target = DAE34B021F780BAC00DC0D09 /* AwesomeSwift */;
			targetProxy = DAE34B181F780BAC00DC0D09 /* PBXContainerItemProxy */;
		};
/* End PBXTargetDependency section */

/* Begin PBXVariantGroup section */
		DAE34B0A1F780BAC00DC0D09 /* Main.storyboard */ = {
			isa = PBXVariantGroup;
			children = (
				DAE34B0B1F780BAC00DC0D09 /* Base */,
			);
			name = Main.storyboard;
			sourceTree = "<group>";
		};
		DAE34B0F1F780BAC00DC0D09 /* LaunchScreen.storyboard */ = {
			isa = PBXVariantGroup;
			children = (
				DAE34B101F780BAC00DC0D09 /* Base */,
			);
			name = LaunchScreen.storyboard;
			sourceTree = "<group>";
		};
/* End PBXVariantGroup section */

/* Begin XCBuildConfiguration section */
		DAE34B1E1F780BAC00DC0D09 /* Debug */ = {
			isa = XCBuildConfiguration;
			buildSettings = {
				ALWAYS_SEARCH_USER_PATHS = NO;
				CLANG_ANALYZER_NONNULL = YES;
				CLANG_ANALYZER_NUMBER_OBJECT_CONVERSION = YES_AGGRESSIVE;
				CLANG_CXX_LANGUAGE_STANDARD = "gnu++14";
				CLANG_CXX_LIBRARY = "libc++";
				CLANG_ENABLE_MODULES = YES;
				CLANG_ENABLE_OBJC_ARC = YES;
				CLANG_WARN_BLOCK_CAPTURE_AUTORELEASING = YES;
				CLANG_WARN_BOOL_CONVERSION = YES;
				CLANG_WARN_COMMA = YES;
				CLANG_WARN_CONSTANT_CONVERSION = YES;
				CLANG_WARN_DIRECT_OBJC_ISA_USAGE = YES_ERROR;
				CLANG_WARN_DOCUMENTATION_COMMENTS = YES;
				CLANG_WARN_EMPTY_BODY = YES;
				CLANG_WARN_ENUM_CONVERSION = YES;
				CLANG_WARN_INFINITE_RECURSION = YES;
				CLANG_WARN_INT_CONVERSION = YES;
				CLANG_WARN_NON_LITERAL_NULL_CONVERSION = YES;
				CLANG_WARN_OBJC_LITERAL_CONVERSION = YES;
				CLANG_WARN_OBJC_ROOT_CLASS = YES_ERROR;
				CLANG_WARN_RANGE_LOOP_ANALYSIS = YES;
				CLANG_WARN_STRICT_PROTOTYPES = YES;
				CLANG_WARN_SUSPICIOUS_MOVE = YES;
				CLANG_WARN_UNGUARDED_AVAILABILITY = YES_AGGRESSIVE;
				CLANG_WARN_UNREACHABLE_CODE = YES;
				CLANG_WARN__DUPLICATE_METHOD_MATCH = YES;
				CODE_SIGN_IDENTITY = "iPhone Developer";
				COPY_PHASE_STRIP = NO;
				DEBUG_INFORMATION_FORMAT = dwarf;
				ENABLE_STRICT_OBJC_MSGSEND = YES;
				ENABLE_TESTABILITY = YES;
				GCC_C_LANGUAGE_STANDARD = gnu11;
				GCC_DYNAMIC_NO_PIC = NO;
				GCC_NO_COMMON_BLOCKS = YES;
				GCC_OPTIMIZATION_LEVEL = 0;
				GCC_PREPROCESSOR_DEFINITIONS = (
					"DEBUG=1",
					"$(inherited)",
				);
				GCC_WARN_64_TO_32_BIT_CONVERSION = YES;
				GCC_WARN_ABOUT_RETURN_TYPE = YES_ERROR;
				GCC_WARN_UNDECLARED_SELECTOR = YES;
				GCC_WARN_UNINITIALIZED_AUTOS = YES_AGGRESSIVE;
				GCC_WARN_UNUSED_FUNCTION = YES;
				GCC_WARN_UNUSED_VARIABLE = YES;
				IPHONEOS_DEPLOYMENT_TARGET = 11.0;
				MTL_ENABLE_DEBUG_INFO = YES;
				ONLY_ACTIVE_ARCH = YES;
				SDKROOT = iphoneos;
				SWIFT_ACTIVE_COMPILATION_CONDITIONS = DEBUG;
				SWIFT_OPTIMIZATION_LEVEL = "-Onone";
			};
			name = Debug;
		};
		DAE34B1F1F780BAC00DC0D09 /* Release */ = {
			isa = XCBuildConfiguration;
			buildSettings = {
				ALWAYS_SEARCH_USER_PATHS = NO;
				CLANG_ANALYZER_NONNULL = YES;
				CLANG_ANALYZER_NUMBER_OBJECT_CONVERSION = YES_AGGRESSIVE;
				CLANG_CXX_LANGUAGE_STANDARD = "gnu++14";
				CLANG_CXX_LIBRARY = "libc++";
				CLANG_ENABLE_MODULES = YES;
				CLANG_ENABLE_OBJC_ARC = YES;
				CLANG_WARN_BLOCK_CAPTURE_AUTORELEASING = YES;
				CLANG_WARN_BOOL_CONVERSION = YES;
				CLANG_WARN_COMMA = YES;
				CLANG_WARN_CONSTANT_CONVERSION = YES;
				CLANG_WARN_DIRECT_OBJC_ISA_USAGE = YES_ERROR;
				CLANG_WARN_DOCUMENTATION_COMMENTS = YES;
				CLANG_WARN_EMPTY_BODY = YES;
				CLANG_WARN_ENUM_CONVERSION = YES;
				CLANG_WARN_INFINITE_RECURSION = YES;
				CLANG_WARN_INT_CONVERSION = YES;
				CLANG_WARN_NON_LITERAL_NULL_CONVERSION = YES;
				CLANG_WARN_OBJC_LITERAL_CONVERSION = YES;
				CLANG_WARN_OBJC_ROOT_CLASS = YES_ERROR;
				CLANG_WARN_RANGE_LOOP_ANALYSIS = YES;
				CLANG_WARN_STRICT_PROTOTYPES = YES;
				CLANG_WARN_SUSPICIOUS_MOVE = YES;
				CLANG_WARN_UNGUARDED_AVAILABILITY = YES_AGGRESSIVE;
				CLANG_WARN_UNREACHABLE_CODE = YES;
				CLANG_WARN__DUPLICATE_METHOD_MATCH = YES;
				CODE_SIGN_IDENTITY = "iPhone Developer";
				COPY_PHASE_STRIP = NO;
				DEBUG_INFORMATION_FORMAT = "dwarf-with-dsym";
				ENABLE_NS_ASSERTIONS = NO;
				ENABLE_STRICT_OBJC_MSGSEND = YES;
				GCC_C_LANGUAGE_STANDARD = gnu11;
				GCC_NO_COMMON_BLOCKS = YES;
				GCC_WARN_64_TO_32_BIT_CONVERSION = YES;
				GCC_WARN_ABOUT_RETURN_TYPE = YES_ERROR;
				GCC_WARN_UNDECLARED_SELECTOR = YES;
				GCC_WARN_UNINITIALIZED_AUTOS = YES_AGGRESSIVE;
				GCC_WARN_UNUSED_FUNCTION = YES;
				GCC_WARN_UNUSED_VARIABLE = YES;
				IPHONEOS_DEPLOYMENT_TARGET = 11.0;
				MTL_ENABLE_DEBUG_INFO = NO;
				SDKROOT = iphoneos;
				SWIFT_OPTIMIZATION_LEVEL = "-Owholemodule";
				VALIDATE_PRODUCT = YES;
			};
			name = Release;
		};
		DAE34B211F780BAC00DC0D09 /* Debug */ = {
			isa = XCBuildConfiguration;
			buildSettings = {
				ASSETCATALOG_COMPILER_APPICON_NAME = AppIcon;
				CODE_SIGN_STYLE = Automatic;
				INFOPLIST_FILE = AwesomeSwift/Info.plist;
				LD_RUNPATH_SEARCH_PATHS = "$(inherited) @executable_path/Frameworks";
				PRODUCT_BUNDLE_IDENTIFIER = com.dev.AwesomeSwift;
				PRODUCT_NAME = "$(TARGET_NAME)";
				SWIFT_VERSION = 4.0;
				TARGETED_DEVICE_FAMILY = "1,2";
			};
			name = Debug;
		};
		DAE34B221F780BAC00DC0D09 /* Release */ = {
			isa = XCBuildConfiguration;
			buildSettings = {
				ASSETCATALOG_COMPILER_APPICON_NAME = AppIcon;
				CODE_SIGN_STYLE = Automatic;
				INFOPLIST_FILE = AwesomeSwift/Info.plist;
				LD_RUNPATH_SEARCH_PATHS = "$(inherited) @executable_path/Frameworks";
				PRODUCT_BUNDLE_IDENTIFIER = com.dev.AwesomeSwift;
				PRODUCT_NAME = "$(TARGET_NAME)";
				SWIFT_VERSION = 4.0;
				TARGETED_DEVICE_FAMILY = "1,2";
			};
			name = Release;
		};
		DAE34B241F780BAC00DC0D09 /* Debug */ = {
			isa = XCBuildConfiguration;
			buildSettings = {
				ALWAYS_EMBED_SWIFT_STANDARD_LIBRARIES = YES;
				BUNDLE_LOADER = "$(TEST_HOST)";
				CODE_SIGN_STYLE = Automatic;
				INFOPLIST_FILE = AwesomeSwiftTests/Info.plist;
				LD_RUNPATH_SEARCH_PATHS = "$(inherited) @executable_path/Frameworks @loader_path/Frameworks";
				PRODUCT_BUNDLE_IDENTIFIER = com.dev.AwesomeSwiftTests;
				PRODUCT_NAME = "$(TARGET_NAME)";
				SWIFT_VERSION = 4.0;
				TARGETED_DEVICE_FAMILY = "1,2";
				TEST_HOST = "$(BUILT_PRODUCTS_DIR)/AwesomeSwift.app/AwesomeSwift";
			};
			name = Debug;
		};
		DAE34B251F780BAC00DC0D09 /* Release */ = {
			isa = XCBuildConfiguration;
			buildSettings = {
				ALWAYS_EMBED_SWIFT_STANDARD_LIBRARIES = YES;
				BUNDLE_LOADER = "$(TEST_HOST)";
				CODE_SIGN_STYLE = Automatic;
				INFOPLIST_FILE = AwesomeSwiftTests/Info.plist;
				LD_RUNPATH_SEARCH_PATHS = "$(inherited) @executable_path/Frameworks @loader_path/Frameworks";
				PRODUCT_BUNDLE_IDENTIFIER = com.dev.AwesomeSwiftTests;
				PRODUCT_NAME = "$(TARGET_NAME)";
				SWIFT_VERSION = 4.0;
				TARGETED_DEVICE_FAMILY = "1,2";
				TEST_HOST = "$(BUILT_PRODUCTS_DIR)/AwesomeSwift.app/AwesomeSwift";
			};
			name = Release;
		};
/* End XCBuildConfiguration section */

/* Begin XCConfigurationList section */
		DAE34AFE1F780BAC00DC0D09 /* Build configuration list for PBXProject "AwesomeSwift" */ = {
			isa = XCConfigurationList;
			buildConfigurations = (
				DAE34B1E1F780BAC00DC0D09 /* Debug */,
				DAE34B1F1F780BAC00DC0D09 /* Release */,
			);
			defaultConfigurationIsVisible = 0;
			defaultConfigurationName = Release;
		};
		DAE34B201F780BAC00DC0D09 /* Build configuration list for PBXNativeTarget "AwesomeSwift" */ = {
			isa = XCConfigurationList;
			buildConfigurations = (
				DAE34B211F780BAC00DC0D09 /* Debug */,
				DAE34B221F780BAC00DC0D09 /* Release */,
			);
			defaultConfigurationIsVisible = 0;
			defaultConfigurationName = Release;
		};
		DAE34B231F780BAC00DC0D09 /* Build configuration list for PBXNativeTarget "AwesomeSwiftTests" */ = {
			isa = XCConfigurationList;
			buildConfigurations = (
				DAE34B241F780BAC00DC0D09 /* Debug */,
				DAE34B251F780BAC00DC0D09 /* Release */,
			);
			defaultConfigurationIsVisible = 0;
			defaultConfigurationName = Release;
		};
/* End XCConfigurationList section */
	};
	rootObject = DAE34AFB1F780BAC00DC0D09 /* Project object */;
}
